
Microsoft Visual Studio Solution File, Format Version 12.00
# Visual Studio 2012
Project("{FAE04EC0-301F-11D3-BF4B-00C04F79EFBC}") = "ZtbSoft.Web", "ZtbSoft\ZtbSoft.Web.csproj", "{ECC6048D-BF2E-4DB9-9DA4-7920EEEE5D85}"
EndProject
Project("{FAE04EC0-301F-11D3-BF4B-00C04F79EFBC}") = "Components", "Components\Components.csproj", "{4EDCA216-B169-43F3-AD00-56962F554C7A}"
EndProject
Project("{FAE04EC0-301F-11D3-BF4B-00C04F79EFBC}") = "ZTB.Special", "ZTB.Special\ZTB.Special.csproj", "{BD956628-8655-4FFF-A0E1-CF3E7114E888}"
EndProject
Global
	GlobalSection(SolutionConfigurationPlatforms) = preSolution
		Debug|Any CPU = Debug|Any CPU
		Release|Any CPU = Release|Any CPU
	EndGlobalSection
	GlobalSection(ProjectConfigurationPlatforms) = postSolution
		{ECC6048D-BF2E-4DB9-9DA4-7920EEEE5D85}.Debug|Any CPU.ActiveCfg = Debug|Any CPU
		{ECC6048D-BF2E-4DB9-9DA4-7920EEEE5D85}.Debug|Any CPU.Build.0 = Debug|Any CPU
		{ECC6048D-BF2E-4DB9-9DA4-7920EEEE5D85}.Release|Any CPU.ActiveCfg = Release|Any CPU
		{ECC6048D-BF2E-4DB9-9DA4-7920EEEE5D85}.Release|Any CPU.Build.0 = Release|Any CPU
		{4EDCA216-B169-43F3-AD00-56962F554C7A}.Debug|Any CPU.ActiveCfg = Debug|Any CPU
		{4EDCA216-B169-43F3-AD00-56962F554C7A}.Debug|Any CPU.Build.0 = Debug|Any CPU
		{4EDCA216-B169-43F3-AD00-56962F554C7A}.Release|Any CPU.ActiveCfg = Release|Any CPU
		{4EDCA216-B169-43F3-AD00-56962F554C7A}.Release|Any CPU.Build.0 = Release|Any CPU
		{BD956628-8655-4FFF-A0E1-CF3E7114E888}.Debug|Any CPU.ActiveCfg = Debug|Any CPU
		{BD956628-8655-4FFF-A0E1-CF3E7114E888}.Debug|Any CPU.Build.0 = Debug|Any CPU
		{BD956628-8655-4FFF-A0E1-CF3E7114E888}.Release|Any CPU.ActiveCfg = Release|Any CPU
		{BD956628-8655-4FFF-A0E1-CF3E7114E888}.Release|Any CPU.Build.0 = Release|Any CPU
	EndGlobalSection
	GlobalSection(SolutionProperties) = preSolution
		HideSolutionNode = FALSE
	EndGlobalSection
EndGlobal
